
Microsoft Visual Studio Solution File, Format Version 12.00
# Visual Studio Version 17
VisualStudioVersion = 17.0.31903.59

Project("{FAE04EC0-301F-11D3-BF4B-00C04F79EFBC}") = "EduKidsGhana.Domain", "src\EduKidsGhana.Domain\EduKidsGhana.Domain.csproj", "{A1B2C3D4-E5F6-7890-ABCD-EF1234567801}"
EndProject
Project("{FAE04EC0-301F-11D3-BF4B-00C04F79EFBC}") = "EduKidsGhana.Shared", "src\EduKidsGhana.Shared\EduKidsGhana.Shared.csproj", "{A1B2C3D4-E5F6-7890-ABCD-EF1234567802}"
EndProject
Project("{FAE04EC0-301F-11D3-BF4B-00C04F79EFBC}") = "EduKidsGhana.Application", "src\EduKidsGhana.Application\EduKidsGhana.Application.csproj", "{A1B2C3D4-E5F6-7890-ABCD-EF1234567803}"
EndProject
Project("{FAE04EC0-301F-11D3-BF4B-00C04F79EFBC}") = "EduKidsGhana.Infrastructure", "src\EduKidsGhana.Infrastructure\EduKidsGhana.Infrastructure.csproj", "{A1B2C3D4-E5F6-7890-ABCD-EF1234567804}"
EndProject
Project("{FAE04EC0-301F-11D3-BF4B-00C04F79EFBC}") = "EduKidsGhana.API", "src\EduKidsGhana.API\EduKidsGhana.API.csproj", "{A1B2C3D4-E5F6-7890-ABCD-EF1234567805}"
EndProject

Global
  GlobalSection(SolutionConfigurationPlatforms) = preSolution
    Debug|Any CPU = Debug|Any CPU
    Release|Any CPU = Release|Any CPU
  EndGlobalSection
  GlobalSection(ProjectConfigurationPlatforms) = postSolution
    {A1B2C3D4-E5F6-7890-ABCD-EF1234567801}.Debug|Any CPU.ActiveCfg = Debug|Any CPU
    {A1B2C3D4-E5F6-7890-ABCD-EF1234567801}.Debug|Any CPU.Build.0 = Debug|Any CPU
    {A1B2C3D4-E5F6-7890-ABCD-EF1234567801}.Release|Any CPU.ActiveCfg = Release|Any CPU
    {A1B2C3D4-E5F6-7890-ABCD-EF1234567801}.Release|Any CPU.Build.0 = Release|Any CPU
    {A1B2C3D4-E5F6-7890-ABCD-EF1234567802}.Debug|Any CPU.ActiveCfg = Debug|Any CPU
    {A1B2C3D4-E5F6-7890-ABCD-EF1234567802}.Debug|Any CPU.Build.0 = Debug|Any CPU
    {A1B2C3D4-E5F6-7890-ABCD-EF1234567802}.Release|Any CPU.ActiveCfg = Release|Any CPU
    {A1B2C3D4-E5F6-7890-ABCD-EF1234567802}.Release|Any CPU.Build.0 = Release|Any CPU
    {A1B2C3D4-E5F6-7890-ABCD-EF1234567803}.Debug|Any CPU.ActiveCfg = Debug|Any CPU
    {A1B2C3D4-E5F6-7890-ABCD-EF1234567803}.Debug|Any CPU.Build.0 = Debug|Any CPU
    {A1B2C3D4-E5F6-7890-ABCD-EF1234567803}.Release|Any CPU.ActiveCfg = Release|Any CPU
    {A1B2C3D4-E5F6-7890-ABCD-EF1234567803}.Release|Any CPU.Build.0 = Release|Any CPU
    {A1B2C3D4-E5F6-7890-ABCD-EF1234567804}.Debug|Any CPU.ActiveCfg = Debug|Any CPU
    {A1B2C3D4-E5F6-7890-ABCD-EF1234567804}.Debug|Any CPU.Build.0 = Debug|Any CPU
    {A1B2C3D4-E5F6-7890-ABCD-EF1234567804}.Release|Any CPU.ActiveCfg = Release|Any CPU
    {A1B2C3D4-E5F6-7890-ABCD-EF1234567804}.Release|Any CPU.Build.0 = Release|Any CPU
    {A1B2C3D4-E5F6-7890-ABCD-EF1234567805}.Debug|Any CPU.ActiveCfg = Debug|Any CPU
    {A1B2C3D4-E5F6-7890-ABCD-EF1234567805}.Debug|Any CPU.Build.0 = Debug|Any CPU
    {A1B2C3D4-E5F6-7890-ABCD-EF1234567805}.Release|Any CPU.ActiveCfg = Release|Any CPU
    {A1B2C3D4-E5F6-7890-ABCD-EF1234567805}.Release|Any CPU.Build.0 = Release|Any CPU
  EndGlobalSection
EndGlobal
